
Microsoft Visual Studio Solution File, Format Version 12.00
# Visual Studio 15
VisualStudioVersion = 15.0.26124.0
MinimumVisualStudioVersion = 15.0.26124.0
Project("{2150E333-8FDC-42A3-9474-1A3956D46DE8}") = "src", "src", "{1C14056B-498E-490D-B1E6-ADBB1DE29671}"
EndProject
Project("{FAE04EC0-301F-11D3-BF4B-00C04F79EFBC}") = "Kata", "src\Kata\Kata.csproj", "{427ABABF-7397-44E3-87B9-CA9A4ABCBB04}"
EndProject
Project("{FAE04EC0-301F-11D3-BF4B-00C04F79EFBC}") = "Kata.Tests", "src\Kata.Tests\Kata.Tests.csproj", "{93E5BC67-272A-46A3-9C95-9E7F29DE0BF9}"
EndProject
Global
	GlobalSection(SolutionConfigurationPlatforms) = preSolution
		Debug|Any CPU = Debug|Any CPU
		Debug|x64 = Debug|x64
		Debug|x86 = Debug|x86
		Release|Any CPU = Release|Any CPU
		Release|x64 = Release|x64
		Release|x86 = Release|x86
	EndGlobalSection
	GlobalSection(SolutionProperties) = preSolution
		HideSolutionNode = FALSE
	EndGlobalSection
	GlobalSection(ProjectConfigurationPlatforms) = postSolution
		{427ABABF-7397-44E3-87B9-CA9A4ABCBB04}.Debug|Any CPU.ActiveCfg = Debug|Any CPU
		{427ABABF-7397-44E3-87B9-CA9A4ABCBB04}.Debug|Any CPU.Build.0 = Debug|Any CPU
		{427ABABF-7397-44E3-87B9-CA9A4ABCBB04}.Debug|x64.ActiveCfg = Debug|Any CPU
		{427ABABF-7397-44E3-87B9-CA9A4ABCBB04}.Debug|x64.Build.0 = Debug|Any CPU
		{427ABABF-7397-44E3-87B9-CA9A4ABCBB04}.Debug|x86.ActiveCfg = Debug|Any CPU
		{427ABABF-7397-44E3-87B9-CA9A4ABCBB04}.Debug|x86.Build.0 = Debug|Any CPU
		{427ABABF-7397-44E3-87B9-CA9A4ABCBB04}.Release|Any CPU.ActiveCfg = Release|Any CPU
		{427ABABF-7397-44E3-87B9-CA9A4ABCBB04}.Release|Any CPU.Build.0 = Release|Any CPU
		{427ABABF-7397-44E3-87B9-CA9A4ABCBB04}.Release|x64.ActiveCfg = Release|Any CPU
		{427ABABF-7397-44E3-87B9-CA9A4ABCBB04}.Release|x64.Build.0 = Release|Any CPU
		{427ABABF-7397-44E3-87B9-CA9A4ABCBB04}.Release|x86.ActiveCfg = Release|Any CPU
		{427ABABF-7397-44E3-87B9-CA9A4ABCBB04}.Release|x86.Build.0 = Release|Any CPU
		{93E5BC67-272A-46A3-9C95-9E7F29DE0BF9}.Debug|Any CPU.ActiveCfg = Debug|Any CPU
		{93E5BC67-272A-46A3-9C95-9E7F29DE0BF9}.Debug|Any CPU.Build.0 = Debug|Any CPU
		{93E5BC67-272A-46A3-9C95-9E7F29DE0BF9}.Debug|x64.ActiveCfg = Debug|Any CPU
		{93E5BC67-272A-46A3-9C95-9E7F29DE0BF9}.Debug|x64.Build.0 = Debug|Any CPU
		{93E5BC67-272A-46A3-9C95-9E7F29DE0BF9}.Debug|x86.ActiveCfg = Debug|Any CPU
		{93E5BC67-272A-46A3-9C95-9E7F29DE0BF9}.Debug|x86.Build.0 = Debug|Any CPU
		{93E5BC67-272A-46A3-9C95-9E7F29DE0BF9}.Release|Any CPU.ActiveCfg = Release|Any CPU
		{93E5BC67-272A-46A3-9C95-9E7F29DE0BF9}.Release|Any CPU.Build.0 = Release|Any CPU
		{93E5BC67-272A-46A3-9C95-9E7F29DE0BF9}.Release|x64.ActiveCfg = Release|Any CPU
		{93E5BC67-272A-46A3-9C95-9E7F29DE0BF9}.Release|x64.Build.0 = Release|Any CPU
		{93E5BC67-272A-46A3-9C95-9E7F29DE0BF9}.Release|x86.ActiveCfg = Release|Any CPU
		{93E5BC67-272A-46A3-9C95-9E7F29DE0BF9}.Release|x86.Build.0 = Release|Any CPU
	EndGlobalSection
	GlobalSection(NestedProjects) = preSolution
		{427ABABF-7397-44E3-87B9-CA9A4ABCBB04} = {1C14056B-498E-490D-B1E6-ADBB1DE29671}
		{93E5BC67-272A-46A3-9C95-9E7F29DE0BF9} = {1C14056B-498E-490D-B1E6-ADBB1DE29671}
	EndGlobalSection
EndGlobal
